
Microsoft Visual Studio Solution File, Format Version 12.00
# Visual Studio Version 16
VisualStudioVersion = 16.0.29215.179
MinimumVisualStudioVersion = 10.0.40219.1
Project("{FAE04EC0-301F-11D3-BF4B-00C04F79EFBC}") = "TankzClient", "TankzClient\TankzClient.csproj", "{ACEE50F6-435C-43B5-98D7-327C028A7166}"
EndProject
Project("{FAE04EC0-301F-11D3-BF4B-00C04F79EFBC}") = "TankzServer", "TankzServer\TankzServer.csproj", "{EA566ECA-0FB6-4B75-836E-D9C3133282C6}"
EndProject
Project("{9A19103F-16F7-4668-BE54-9A1E7A4F7556}") = "TankzSignalRServer", "TankzSignalRServer\TankzSignalRServer.csproj", "{4E313F7E-8078-4C57-8F50-3B4581CC2240}"
EndProject
Project("{9A19103F-16F7-4668-BE54-9A1E7A4F7556}") = "TankzTests", "TankzTests\TankzTests.csproj", "{7CFF7DEF-78B9-476B-BB77-7D66A9999D0B}"
EndProject
Global
	GlobalSection(SolutionConfigurationPlatforms) = preSolution
		Debug|Any CPU = Debug|Any CPU
		Release|Any CPU = Release|Any CPU
	EndGlobalSection
	GlobalSection(ProjectConfigurationPlatforms) = postSolution
		{ACEE50F6-435C-43B5-98D7-327C028A7166}.Debug|Any CPU.ActiveCfg = Debug|Any CPU
		{ACEE50F6-435C-43B5-98D7-327C028A7166}.Debug|Any CPU.Build.0 = Debug|Any CPU
		{ACEE50F6-435C-43B5-98D7-327C028A7166}.Release|Any CPU.ActiveCfg = Release|Any CPU
		{ACEE50F6-435C-43B5-98D7-327C028A7166}.Release|Any CPU.Build.0 = Release|Any CPU
		{EA566ECA-0FB6-4B75-836E-D9C3133282C6}.Debug|Any CPU.ActiveCfg = Debug|Any CPU
		{EA566ECA-0FB6-4B75-836E-D9C3133282C6}.Debug|Any CPU.Build.0 = Debug|Any CPU
		{EA566ECA-0FB6-4B75-836E-D9C3133282C6}.Release|Any CPU.ActiveCfg = Release|Any CPU
		{EA566ECA-0FB6-4B75-836E-D9C3133282C6}.Release|Any CPU.Build.0 = Release|Any CPU
		{4E313F7E-8078-4C57-8F50-3B4581CC2240}.Debug|Any CPU.ActiveCfg = Debug|Any CPU
		{4E313F7E-8078-4C57-8F50-3B4581CC2240}.Debug|Any CPU.Build.0 = Debug|Any CPU
		{4E313F7E-8078-4C57-8F50-3B4581CC2240}.Release|Any CPU.ActiveCfg = Release|Any CPU
		{4E313F7E-8078-4C57-8F50-3B4581CC2240}.Release|Any CPU.Build.0 = Release|Any CPU
		{7CFF7DEF-78B9-476B-BB77-7D66A9999D0B}.Debug|Any CPU.ActiveCfg = Debug|Any CPU
		{7CFF7DEF-78B9-476B-BB77-7D66A9999D0B}.Debug|Any CPU.Build.0 = Debug|Any CPU
		{7CFF7DEF-78B9-476B-BB77-7D66A9999D0B}.Release|Any CPU.ActiveCfg = Release|Any CPU
		{7CFF7DEF-78B9-476B-BB77-7D66A9999D0B}.Release|Any CPU.Build.0 = Release|Any CPU
	EndGlobalSection
	GlobalSection(SolutionProperties) = preSolution
		HideSolutionNode = FALSE
	EndGlobalSection
	GlobalSection(ExtensibilityGlobals) = postSolution
		SolutionGuid = {CFE6BCB2-275B-43AB-BBDB-5D1C01ABF177}
	EndGlobalSection
EndGlobal
