
Microsoft Visual Studio Solution File, Format Version 12.00
# Visual Studio 15
VisualStudioVersion = 15.0.28307.852
MinimumVisualStudioVersion = 10.0.40219.1
Project("{FAE04EC0-301F-11D3-BF4B-00C04F79EFBC}") = "TankzClient", "TankzClient\TankzClient.csproj", "{ACEE50F6-435C-43B5-98D7-327C028A7166}"
EndProject
Project("{FAE04EC0-301F-11D3-BF4B-00C04F79EFBC}") = "TankzServer", "TankzServer\TankzServer.csproj", "{EA566ECA-0FB6-4B75-836E-D9C3133282C6}"
EndProject
Global
	GlobalSection(SolutionConfigurationPlatforms) = preSolution
		Debug|Any CPU = Debug|Any CPU
		Release|Any CPU = Release|Any CPU
	EndGlobalSection
	GlobalSection(ProjectConfigurationPlatforms) = postSolution
		{ACEE50F6-435C-43B5-98D7-327C028A7166}.Debug|Any CPU.ActiveCfg = Debug|Any CPU
		{ACEE50F6-435C-43B5-98D7-327C028A7166}.Debug|Any CPU.Build.0 = Debug|Any CPU
		{ACEE50F6-435C-43B5-98D7-327C028A7166}.Release|Any CPU.ActiveCfg = Release|Any CPU
		{ACEE50F6-435C-43B5-98D7-327C028A7166}.Release|Any CPU.Build.0 = Release|Any CPU
		{EA566ECA-0FB6-4B75-836E-D9C3133282C6}.Debug|Any CPU.ActiveCfg = Debug|Any CPU
		{EA566ECA-0FB6-4B75-836E-D9C3133282C6}.Debug|Any CPU.Build.0 = Debug|Any CPU
		{EA566ECA-0FB6-4B75-836E-D9C3133282C6}.Release|Any CPU.ActiveCfg = Release|Any CPU
		{EA566ECA-0FB6-4B75-836E-D9C3133282C6}.Release|Any CPU.Build.0 = Release|Any CPU
	EndGlobalSection
	GlobalSection(SolutionProperties) = preSolution
		HideSolutionNode = FALSE
	EndGlobalSection
	GlobalSection(ExtensibilityGlobals) = postSolution
		SolutionGuid = {CFE6BCB2-275B-43AB-BBDB-5D1C01ABF177}
	EndGlobalSection
EndGlobal
